
Microsoft Visual Studio Solution File, Format Version 12.00
# Visual Studio Version 17
VisualStudioVersion = 17.9.34622.214
MinimumVisualStudioVersion = 10.0.40219.1
Project("{FAE04EC0-301F-11D3-BF4B-00C04F79EFBC}") = "OrmAppWithAsp", "OrmAppWithAsp\OrmAppWithAsp.csproj", "{08601AC2-5299-48FD-BA42-7CB3F68D17EA}"
EndProject
Global
	GlobalSection(SolutionConfigurationPlatforms) = preSolution
		Debug|Any CPU = Debug|Any CPU
		Release|Any CPU = Release|Any CPU
	EndGlobalSection
	GlobalSection(ProjectConfigurationPlatforms) = postSolution
		{08601AC2-5299-48FD-BA42-7CB3F68D17EA}.Debug|Any CPU.ActiveCfg = Debug|Any CPU
		{08601AC2-5299-48FD-BA42-7CB3F68D17EA}.Debug|Any CPU.Build.0 = Debug|Any CPU
		{08601AC2-5299-48FD-BA42-7CB3F68D17EA}.Release|Any CPU.ActiveCfg = Release|Any CPU
		{08601AC2-5299-48FD-BA42-7CB3F68D17EA}.Release|Any CPU.Build.0 = Release|Any CPU
	EndGlobalSection
	GlobalSection(SolutionProperties) = preSolution
		HideSolutionNode = FALSE
	EndGlobalSection
	GlobalSection(ExtensibilityGlobals) = postSolution
		SolutionGuid = {92962CDE-931E-41DC-A132-EC5A1670B4BB}
	EndGlobalSection
EndGlobal
